// !$*UTF8*$!
{
	archiveVersion = 1;
	classes = {
	};
	objectVersion = 77;
	objects = {

/* Begin PBXBuildFile section */
		3259998CF68E499BBD7161A9 /* SettingsViewController.swift in Sources */ = {isa = PBXBuildFile; fileRef = 1129F0AF616A49428DB981D2 /* SettingsViewController.swift */; };
		73078BD66C7849F99363500B /* HeaderView.swift in Sources */ = {isa = PBXBuildFile; fileRef = B9885914B33F40ACAB4D678E /* HeaderView.swift */; };
		A562AB698FA44D328D491028 /* EventDetailsViewController.swift in Sources */ = {isa = PBXBuildFile; fileRef = 2658214CF6E847F59DAEF2F3 /* EventDetailsViewController.swift */; };
		EF189F712F6047F5008CA689 /* Assets.xcassets in Resources */ = {isa = PBXBuildFile; fileRef = EF189F672F6047F5008CA689 /* Assets.xcassets */; };
		EF189F742F6047F5008CA689 /* SceneDelegate.swift in Sources */ = {isa = PBXBuildFile; fileRef = EF189F6D2F6047F5008CA689 /* SceneDelegate.swift */; };
		EF189F752F6047F5008CA689 /* AppDelegate.swift in Sources */ = {isa = PBXBuildFile; fileRef = EF189F662F6047F5008CA689 /* AppDelegate.swift */; };
		EF189F7C2F604841008CA689 /* Colors.swift in Sources */ = {isa = PBXBuildFile; fileRef = EF189F7B2F604838008CA689 /* Colors.swift */; };
		EF189F7E2F6048BD008CA689 /* Fonts.swift in Sources */ = {isa = PBXBuildFile; fileRef = EF189F7D2F6048B6008CA689 /* Fonts.swift */; };
		EF189F802F6048E0008CA689 /* Strings.swift in Sources */ = {isa = PBXBuildFile; fileRef = EF189F7F2F6048DD008CA689 /* Strings.swift */; };
		EF189F822F604925008CA689 /* LeagueHeaderViewModel.swift in Sources */ = {isa = PBXBuildFile; fileRef = EF189F812F60491C008CA689 /* LeagueHeaderViewModel.swift */; };
		EF189F842F60493B008CA689 /* MatchRowViewModel.swift in Sources */ = {isa = PBXBuildFile; fileRef = EF189F832F604934008CA689 /* MatchRowViewModel.swift */; };
		EF189F862F60496D008CA689 /* LeagueHeaderView.swift in Sources */ = {isa = PBXBuildFile; fileRef = EF189F852F604967008CA689 /* LeagueHeaderView.swift */; };
		EF189F882F604983008CA689 /* MatchRowView.swift in Sources */ = {isa = PBXBuildFile; fileRef = EF189F872F60497E008CA689 /* MatchRowView.swift */; };
		EF189F8A2F6055ED008CA689 /* MatchesViewController.swift in Sources */ = {isa = PBXBuildFile; fileRef = EF189F892F6055E6008CA689 /* MatchesViewController.swift */; };
		EF7765722F697FAD006807A6 /* MatchesHelper.swift in Sources */ = {isa = PBXBuildFile; fileRef = EF7765712F697FA2006807A6 /* MatchesHelper.swift */; };
		EF7765752F698A63006807A6 /* Sport.swift in Sources */ = {isa = PBXBuildFile; fileRef = EF7765742F698A62006807A6 /* Sport.swift */; };
		EF7765772F698D39006807A6 /* SportSelectorItemView.swift in Sources */ = {isa = PBXBuildFile; fileRef = EF7765762F698D37006807A6 /* SportSelectorItemView.swift */; };
		EF7765792F698D83006807A6 /* SportSelectorView.swift in Sources */ = {isa = PBXBuildFile; fileRef = EF7765782F698D81006807A6 /* SportSelectorView.swift */; };
		EF8760EE2F6454740076D62D /* UIColor+.swift in Sources */ = {isa = PBXBuildFile; fileRef = EF8760ED2F64546F0076D62D /* UIColor+.swift */; };
		EF944EC12F5B0A8000EA1C14 /* SnapKit in Frameworks */ = {isa = PBXBuildFile; productRef = EF944EC02F5B0A8000EA1C14 /* SnapKit */; };
		EF944EC42F6043EC00EA1C14 /* SofaAcademic in Frameworks */ = {isa = PBXBuildFile; productRef = EF944EC32F6043EC00EA1C14 /* SofaAcademic */; };
		EFBC72662F7A895D006E602A /* MatchResult.swift in Sources */ = {isa = PBXBuildFile; fileRef = EFBC72652F7A895D006E602A /* MatchResult.swift */; };
		EFCF777F2F6B101100D2DB6B /* ImageService.swift in Sources */ = {isa = PBXBuildFile; fileRef = EFCF777E2F6B101000D2DB6B /* ImageService.swift */; };
		EFCF77812F6B1BCA00D2DB6B /* MatchesSection.swift in Sources */ = {isa = PBXBuildFile; fileRef = EFCF77802F6B1BC900D2DB6B /* MatchesSection.swift */; };
		EFCF77832F6B1C9600D2DB6B /* Event+.swift in Sources */ = {isa = PBXBuildFile; fileRef = EFCF77822F6B1C9300D2DB6B /* Event+.swift */; };
		EFCF77852F6B1D0A00D2DB6B /* MatchRowCell.swift in Sources */ = {isa = PBXBuildFile; fileRef = EFCF77842F6B1D0800D2DB6B /* MatchRowCell.swift */; };
		EFFE56CE2F753CF200CE4366 /* EventDetailsHelper.swift in Sources */ = {isa = PBXBuildFile; fileRef = EFFE56CD2F753CE700CE4366 /* EventDetailsHelper.swift */; };
		F0B08AC6FE944FB48C819D30 /* EventDetailsViewModel.swift in Sources */ = {isa = PBXBuildFile; fileRef = 158547F6E08F494EB37500CB /* EventDetailsViewModel.swift */; };
/* End PBXBuildFile section */

/* Begin PBXFileReference section */
		1129F0AF616A49428DB981D2 /* SettingsViewController.swift */ = {isa = PBXFileReference; lastKnownFileType = sourcecode.swift; path = SettingsViewController.swift; sourceTree = "<group>"; };
		158547F6E08F494EB37500CB /* EventDetailsViewModel.swift */ = {isa = PBXFileReference; lastKnownFileType = sourcecode.swift; path = EventDetailsViewModel.swift; sourceTree = "<group>"; };
		2658214CF6E847F59DAEF2F3 /* EventDetailsViewController.swift */ = {isa = PBXFileReference; lastKnownFileType = sourcecode.swift; path = EventDetailsViewController.swift; sourceTree = "<group>"; };
		B9885914B33F40ACAB4D678E /* HeaderView.swift */ = {isa = PBXFileReference; lastKnownFileType = sourcecode.swift; path = HeaderView.swift; sourceTree = "<group>"; };
		EF189F662F6047F5008CA689 /* AppDelegate.swift */ = {isa = PBXFileReference; lastKnownFileType = sourcecode.swift; path = AppDelegate.swift; sourceTree = "<group>"; };
		EF189F672F6047F5008CA689 /* Assets.xcassets */ = {isa = PBXFileReference; lastKnownFileType = folder.assetcatalog; path = Assets.xcassets; sourceTree = "<group>"; };
		EF189F682F6047F5008CA689 /* Info.plist */ = {isa = PBXFileReference; lastKnownFileType = text.plist.xml; path = Info.plist; sourceTree = "<group>"; };
		EF189F6D2F6047F5008CA689 /* SceneDelegate.swift */ = {isa = PBXFileReference; lastKnownFileType = sourcecode.swift; path = SceneDelegate.swift; sourceTree = "<group>"; };
		EF189F7B2F604838008CA689 /* Colors.swift */ = {isa = PBXFileReference; lastKnownFileType = sourcecode.swift; path = Colors.swift; sourceTree = "<group>"; };
		EF189F7D2F6048B6008CA689 /* Fonts.swift */ = {isa = PBXFileReference; lastKnownFileType = sourcecode.swift; path = Fonts.swift; sourceTree = "<group>"; };
		EF189F7F2F6048DD008CA689 /* Strings.swift */ = {isa = PBXFileReference; lastKnownFileType = sourcecode.swift; path = Strings.swift; sourceTree = "<group>"; };
		EF189F812F60491C008CA689 /* LeagueHeaderViewModel.swift */ = {isa = PBXFileReference; lastKnownFileType = sourcecode.swift; path = LeagueHeaderViewModel.swift; sourceTree = "<group>"; };
		EF189F832F604934008CA689 /* MatchRowViewModel.swift */ = {isa = PBXFileReference; lastKnownFileType = sourcecode.swift; path = MatchRowViewModel.swift; sourceTree = "<group>"; };
		EF189F852F604967008CA689 /* LeagueHeaderView.swift */ = {isa = PBXFileReference; lastKnownFileType = sourcecode.swift; path = LeagueHeaderView.swift; sourceTree = "<group>"; };
		EF189F872F60497E008CA689 /* MatchRowView.swift */ = {isa = PBXFileReference; lastKnownFileType = sourcecode.swift; path = MatchRowView.swift; sourceTree = "<group>"; };
		EF189F892F6055E6008CA689 /* MatchesViewController.swift */ = {isa = PBXFileReference; lastKnownFileType = sourcecode.swift; path = MatchesViewController.swift; sourceTree = "<group>"; };
		EF7765712F697FA2006807A6 /* MatchesHelper.swift */ = {isa = PBXFileReference; lastKnownFileType = sourcecode.swift; path = MatchesHelper.swift; sourceTree = "<group>"; };
		EF7765742F698A62006807A6 /* Sport.swift */ = {isa = PBXFileReference; lastKnownFileType = sourcecode.swift; path = Sport.swift; sourceTree = "<group>"; };
		EF7765762F698D37006807A6 /* SportSelectorItemView.swift */ = {isa = PBXFileReference; lastKnownFileType = sourcecode.swift; path = SportSelectorItemView.swift; sourceTree = "<group>"; };
		EF7765782F698D81006807A6 /* SportSelectorView.swift */ = {isa = PBXFileReference; lastKnownFileType = sourcecode.swift; path = SportSelectorView.swift; sourceTree = "<group>"; };
		EF8760ED2F64546F0076D62D /* UIColor+.swift */ = {isa = PBXFileReference; lastKnownFileType = sourcecode.swift; path = "UIColor+.swift"; sourceTree = "<group>"; };
		EF944EA22F578DDF00EA1C14 /* Sofascore2026.app */ = {isa = PBXFileReference; explicitFileType = wrapper.application; includeInIndex = 0; path = Sofascore2026.app; sourceTree = BUILT_PRODUCTS_DIR; };
		EFBC72652F7A895D006E602A /* MatchResult.swift */ = {isa = PBXFileReference; lastKnownFileType = sourcecode.swift; path = MatchResult.swift; sourceTree = "<group>"; };
		EFCF777E2F6B101000D2DB6B /* ImageService.swift */ = {isa = PBXFileReference; lastKnownFileType = sourcecode.swift; path = ImageService.swift; sourceTree = "<group>"; };
		EFCF77802F6B1BC900D2DB6B /* MatchesSection.swift */ = {isa = PBXFileReference; lastKnownFileType = sourcecode.swift; path = MatchesSection.swift; sourceTree = "<group>"; };
		EFCF77822F6B1C9300D2DB6B /* Event+.swift */ = {isa = PBXFileReference; lastKnownFileType = sourcecode.swift; path = "Event+.swift"; sourceTree = "<group>"; };
		EFCF77842F6B1D0800D2DB6B /* MatchRowCell.swift */ = {isa = PBXFileReference; lastKnownFileType = sourcecode.swift; path = MatchRowCell.swift; sourceTree = "<group>"; };
		EFFE56CD2F753CE700CE4366 /* EventDetailsHelper.swift */ = {isa = PBXFileReference; lastKnownFileType = sourcecode.swift; path = EventDetailsHelper.swift; sourceTree = "<group>"; };
/* End PBXFileReference section */

/* Begin PBXFrameworksBuildPhase section */
		EF944E9F2F578DDF00EA1C14 /* Frameworks */ = {
			isa = PBXFrameworksBuildPhase;
			buildActionMask = 2147483647;
			files = (
				EF944EC42F6043EC00EA1C14 /* SofaAcademic in Frameworks */,
				EF944EC12F5B0A8000EA1C14 /* SnapKit in Frameworks */,
			);
			runOnlyForDeploymentPostprocessing = 0;
		};
/* End PBXFrameworksBuildPhase section */

/* Begin PBXGroup section */
		EF189F6F2F6047F5008CA689 /* Sofascore2026 */ = {
			isa = PBXGroup;
			children = (
				EFCF777D2F6B100400D2DB6B /* Services */,
				EF7765732F698A59006807A6 /* Model */,
				EF7765702F697F76006807A6 /* Helpers */,
				EF8760EA2F6437150076D62D /* Extensions */,
				EF189F7A2F604821008CA689 /* Controller */,
				EF189F792F60481B008CA689 /* View */,
				EF189F782F604812008CA689 /* ViewModel */,
				EF189F772F6047FD008CA689 /* Abstraction */,
				EF189F662F6047F5008CA689 /* AppDelegate.swift */,
				EF189F672F6047F5008CA689 /* Assets.xcassets */,
				EF189F682F6047F5008CA689 /* Info.plist */,
				EF189F6D2F6047F5008CA689 /* SceneDelegate.swift */,
			);
			path = Sofascore2026;
			sourceTree = "<group>";
		};
		EF189F772F6047FD008CA689 /* Abstraction */ = {
			isa = PBXGroup;
			children = (
				EF189F7F2F6048DD008CA689 /* Strings.swift */,
				EF189F7D2F6048B6008CA689 /* Fonts.swift */,
				EF189F7B2F604838008CA689 /* Colors.swift */,
			);
			path = Abstraction;
			sourceTree = "<group>";
		};
		EF189F782F604812008CA689 /* ViewModel */ = {
			isa = PBXGroup;
			children = (
				EF189F832F604934008CA689 /* MatchRowViewModel.swift */,
				158547F6E08F494EB37500CB /* EventDetailsViewModel.swift */,
				EF189F812F60491C008CA689 /* LeagueHeaderViewModel.swift */,
			);
			path = ViewModel;
			sourceTree = "<group>";
		};
		EF189F792F60481B008CA689 /* View */ = {
			isa = PBXGroup;
			children = (
				EFCF77842F6B1D0800D2DB6B /* MatchRowCell.swift */,
				B9885914B33F40ACAB4D678E /* HeaderView.swift */,
				EF7765782F698D81006807A6 /* SportSelectorView.swift */,
				EF7765762F698D37006807A6 /* SportSelectorItemView.swift */,
				EF189F872F60497E008CA689 /* MatchRowView.swift */,
				EF189F852F604967008CA689 /* LeagueHeaderView.swift */,
			);
			path = View;
			sourceTree = "<group>";
		};
		EF189F7A2F604821008CA689 /* Controller */ = {
			isa = PBXGroup;
			children = (
				EF189F892F6055E6008CA689 /* MatchesViewController.swift */,
				1129F0AF616A49428DB981D2 /* SettingsViewController.swift */,
				2658214CF6E847F59DAEF2F3 /* EventDetailsViewController.swift */,
			);
			path = Controller;
			sourceTree = "<group>";
		};
		EF7765702F697F76006807A6 /* Helpers */ = {
			isa = PBXGroup;
			children = (
				EFFE56CD2F753CE700CE4366 /* EventDetailsHelper.swift */,
				EF7765712F697FA2006807A6 /* MatchesHelper.swift */,
			);
			path = Helpers;
			sourceTree = "<group>";
		};
		EF7765732F698A59006807A6 /* Model */ = {
			isa = PBXGroup;
			children = (
				EFCF77802F6B1BC900D2DB6B /* MatchesSection.swift */,
				EF7765742F698A62006807A6 /* Sport.swift */,
				EFBC72652F7A895D006E602A /* MatchResult.swift */,
			);
			path = Model;
			sourceTree = "<group>";
		};
		EF8760EA2F6437150076D62D /* Extensions */ = {
			isa = PBXGroup;
			children = (
				EFCF77822F6B1C9300D2DB6B /* Event+.swift */,
				EF8760ED2F64546F0076D62D /* UIColor+.swift */,
			);
			path = Extensions;
			sourceTree = "<group>";
		};
		EF944E992F578DDF00EA1C14 = {
			isa = PBXGroup;
			children = (
				EF189F6F2F6047F5008CA689 /* Sofascore2026 */,
				EF944EA32F578DDF00EA1C14 /* Products */,
			);
			sourceTree = "<group>";
		};
		EF944EA32F578DDF00EA1C14 /* Products */ = {
			isa = PBXGroup;
			children = (
				EF944EA22F578DDF00EA1C14 /* Sofascore2026.app */,
			);
			name = Products;
			sourceTree = "<group>";
		};
		EFCF777D2F6B100400D2DB6B /* Services */ = {
			isa = PBXGroup;
			children = (
				EFCF777E2F6B101000D2DB6B /* ImageService.swift */,
			);
			path = Services;
			sourceTree = "<group>";
		};
/* End PBXGroup section */

/* Begin PBXNativeTarget section */
		EF944EA12F578DDF00EA1C14 /* Sofascore2026 */ = {
			isa = PBXNativeTarget;
			buildConfigurationList = EF944EB52F578DE300EA1C14 /* Build configuration list for PBXNativeTarget "Sofascore2026" */;
			buildPhases = (
				EF944E9E2F578DDF00EA1C14 /* Sources */,
				EF944E9F2F578DDF00EA1C14 /* Frameworks */,
				EF944EA02F578DDF00EA1C14 /* Resources */,
			);
			buildRules = (
			);
			dependencies = (
			);
			name = Sofascore2026;
			packageProductDependencies = (
				EF944EC02F5B0A8000EA1C14 /* SnapKit */,
				EF944EC32F6043EC00EA1C14 /* SofaAcademic */,
			);
			productName = Sofascore2026;
			productReference = EF944EA22F578DDF00EA1C14 /* Sofascore2026.app */;
			productType = "com.apple.product-type.application";
		};
/* End PBXNativeTarget section */

/* Begin PBXProject section */
		EF944E9A2F578DDF00EA1C14 /* Project object */ = {
			isa = PBXProject;
			attributes = {
				BuildIndependentTargetsInParallel = 1;
				LastSwiftUpdateCheck = 2630;
				LastUpgradeCheck = 2630;
				TargetAttributes = {
					EF944EA12F578DDF00EA1C14 = {
						CreatedOnToolsVersion = 26.3;
					};
				};
			};
			buildConfigurationList = EF944E9D2F578DDF00EA1C14 /* Build configuration list for PBXProject "Sofascore2026" */;
			developmentRegion = en;
			hasScannedForEncodings = 0;
			knownRegions = (
				en,
				Base,
			);
			mainGroup = EF944E992F578DDF00EA1C14;
			minimizedProjectReferenceProxies = 1;
			packageReferences = (
				EF944EBF2F5B0A8000EA1C14 /* XCRemoteSwiftPackageReference "SnapKit" */,
				EF944EC22F6043EC00EA1C14 /* XCRemoteSwiftPackageReference "academy" */,
			);
			preferredProjectObjectVersion = 77;
			productRefGroup = EF944EA32F578DDF00EA1C14 /* Products */;
			projectDirPath = "";
			projectRoot = "";
			targets = (
				EF944EA12F578DDF00EA1C14 /* Sofascore2026 */,
			);
		};
/* End PBXProject section */

/* Begin PBXResourcesBuildPhase section */
		EF944EA02F578DDF00EA1C14 /* Resources */ = {
			isa = PBXResourcesBuildPhase;
			buildActionMask = 2147483647;
			files = (
				EF189F712F6047F5008CA689 /* Assets.xcassets in Resources */,
			);
			runOnlyForDeploymentPostprocessing = 0;
		};
/* End PBXResourcesBuildPhase section */

/* Begin PBXSourcesBuildPhase section */
		EF944E9E2F578DDF00EA1C14 /* Sources */ = {
			isa = PBXSourcesBuildPhase;
			buildActionMask = 2147483647;
			files = (
				EFCF77832F6B1C9600D2DB6B /* Event+.swift in Sources */,
				EF7765752F698A63006807A6 /* Sport.swift in Sources */,
				EF189F822F604925008CA689 /* LeagueHeaderViewModel.swift in Sources */,
				EF189F882F604983008CA689 /* MatchRowView.swift in Sources */,
				EF189F742F6047F5008CA689 /* SceneDelegate.swift in Sources */,
				EF189F862F60496D008CA689 /* LeagueHeaderView.swift in Sources */,
				EF189F7E2F6048BD008CA689 /* Fonts.swift in Sources */,
				EF7765792F698D83006807A6 /* SportSelectorView.swift in Sources */,
				EF7765772F698D39006807A6 /* SportSelectorItemView.swift in Sources */,
				EFBC72662F7A895D006E602A /* MatchResult.swift in Sources */,
				EF8760EE2F6454740076D62D /* UIColor+.swift in Sources */,
				EFCF77852F6B1D0A00D2DB6B /* MatchRowCell.swift in Sources */,
				73078BD66C7849F99363500B /* HeaderView.swift in Sources */,
				3259998CF68E499BBD7161A9 /* SettingsViewController.swift in Sources */,
				F0B08AC6FE944FB48C819D30 /* EventDetailsViewModel.swift in Sources */,
				A562AB698FA44D328D491028 /* EventDetailsViewController.swift in Sources */,
				EF189F8A2F6055ED008CA689 /* MatchesViewController.swift in Sources */,
				EF7765722F697FAD006807A6 /* MatchesHelper.swift in Sources */,
				EFCF777F2F6B101100D2DB6B /* ImageService.swift in Sources */,
				EF189F842F60493B008CA689 /* MatchRowViewModel.swift in Sources */,
				EF189F7C2F604841008CA689 /* Colors.swift in Sources */,
				EF189F752F6047F5008CA689 /* AppDelegate.swift in Sources */,
				EF189F802F6048E0008CA689 /* Strings.swift in Sources */,
				EFCF77812F6B1BCA00D2DB6B /* MatchesSection.swift in Sources */,
				EFFE56CE2F753CF200CE4366 /* EventDetailsHelper.swift in Sources */,
			);
			runOnlyForDeploymentPostprocessing = 0;
		};
/* End PBXSourcesBuildPhase section */

/* Begin XCBuildConfiguration section */
		EF944EB62F578DE300EA1C14 /* Debug */ = {
			isa = XCBuildConfiguration;
			buildSettings = {
				ASSETCATALOG_COMPILER_APPICON_NAME = AppIcon;
				ASSETCATALOG_COMPILER_GLOBAL_ACCENT_COLOR_NAME = AccentColor;
				CODE_SIGN_STYLE = Automatic;
				CURRENT_PROJECT_VERSION = 1;
				DEVELOPMENT_TEAM = LSZW22747K;
				GENERATE_INFOPLIST_FILE = YES;
				INFOPLIST_FILE = Sofascore2026/Info.plist;
				INFOPLIST_KEY_UIApplicationSupportsIndirectInputEvents = YES;
				INFOPLIST_KEY_UILaunchStoryboardName = LaunchScreen;
				INFOPLIST_KEY_UISupportedInterfaceOrientations_iPad = "UIInterfaceOrientationPortrait UIInterfaceOrientationPortraitUpsideDown UIInterfaceOrientationLandscapeLeft UIInterfaceOrientationLandscapeRight";
				INFOPLIST_KEY_UISupportedInterfaceOrientations_iPhone = "UIInterfaceOrientationPortrait UIInterfaceOrientationLandscapeLeft UIInterfaceOrientationLandscapeRight";
				LD_RUNPATH_SEARCH_PATHS = (
					"$(inherited)",
					"@executable_path/Frameworks",
				);
				MARKETING_VERSION = 1.0;
				PRODUCT_BUNDLE_IDENTIFIER = com.andrijasevic.Sofascore2026;
				PRODUCT_NAME = "$(TARGET_NAME)";
				STRING_CATALOG_GENERATE_SYMBOLS = YES;
				SWIFT_APPROACHABLE_CONCURRENCY = YES;
				SWIFT_DEFAULT_ACTOR_ISOLATION = MainActor;
				SWIFT_EMIT_LOC_STRINGS = YES;
				SWIFT_UPCOMING_FEATURE_MEMBER_IMPORT_VISIBILITY = YES;
				SWIFT_VERSION = 5.0;
				TARGETED_DEVICE_FAMILY = "1,2";
			};
			name = Debug;
		};
		EF944EB72F578DE300EA1C14 /* Release */ = {
			isa = XCBuildConfiguration;
			buildSettings = {
				ASSETCATALOG_COMPILER_APPICON_NAME = AppIcon;
				ASSETCATALOG_COMPILER_GLOBAL_ACCENT_COLOR_NAME = AccentColor;
				CODE_SIGN_STYLE = Automatic;
				CURRENT_PROJECT_VERSION = 1;
				DEVELOPMENT_TEAM = LSZW22747K;
				GENERATE_INFOPLIST_FILE = YES;
				INFOPLIST_FILE = Sofascore2026/Info.plist;
				INFOPLIST_KEY_UIApplicationSupportsIndirectInputEvents = YES;
				INFOPLIST_KEY_UILaunchStoryboardName = LaunchScreen;
				INFOPLIST_KEY_UISupportedInterfaceOrientations_iPad = "UIInterfaceOrientationPortrait UIInterfaceOrientationPortraitUpsideDown UIInterfaceOrientationLandscapeLeft UIInterfaceOrientationLandscapeRight";
				INFOPLIST_KEY_UISupportedInterfaceOrientations_iPhone = "UIInterfaceOrientationPortrait UIInterfaceOrientationLandscapeLeft UIInterfaceOrientationLandscapeRight";
				LD_RUNPATH_SEARCH_PATHS = (
					"$(inherited)",
					"@executable_path/Frameworks",
				);
				MARKETING_VERSION = 1.0;
				PRODUCT_BUNDLE_IDENTIFIER = com.andrijasevic.Sofascore2026;
				PRODUCT_NAME = "$(TARGET_NAME)";
				STRING_CATALOG_GENERATE_SYMBOLS = YES;
				SWIFT_APPROACHABLE_CONCURRENCY = YES;
				SWIFT_DEFAULT_ACTOR_ISOLATION = MainActor;
				SWIFT_EMIT_LOC_STRINGS = YES;
				SWIFT_UPCOMING_FEATURE_MEMBER_IMPORT_VISIBILITY = YES;
				SWIFT_VERSION = 5.0;
				TARGETED_DEVICE_FAMILY = "1,2";
			};
			name = Release;
		};
		EF944EB82F578DE300EA1C14 /* Debug */ = {
			isa = XCBuildConfiguration;
			buildSettings = {
				ALWAYS_SEARCH_USER_PATHS = NO;
				ASSETCATALOG_COMPILER_GENERATE_SWIFT_ASSET_SYMBOL_EXTENSIONS = YES;
				CLANG_ANALYZER_NONNULL = YES;
				CLANG_ANALYZER_NUMBER_OBJECT_CONVERSION = YES_AGGRESSIVE;
				CLANG_CXX_LANGUAGE_STANDARD = "gnu++20";
				CLANG_ENABLE_MODULES = YES;
				CLANG_ENABLE_OBJC_ARC = YES;
				CLANG_ENABLE_OBJC_WEAK = YES;
				CLANG_WARN_BLOCK_CAPTURE_AUTORELEASING = YES;
				CLANG_WARN_BOOL_CONVERSION = YES;
				CLANG_WARN_COMMA = YES;
				CLANG_WARN_CONSTANT_CONVERSION = YES;
				CLANG_WARN_DEPRECATED_OBJC_IMPLEMENTATIONS = YES;
				CLANG_WARN_DIRECT_OBJC_ISA_USAGE = YES_ERROR;
				CLANG_WARN_DOCUMENTATION_COMMENTS = YES;
				CLANG_WARN_EMPTY_BODY = YES;
				CLANG_WARN_ENUM_CONVERSION = YES;
				CLANG_WARN_INFINITE_RECURSION = YES;
				CLANG_WARN_INT_CONVERSION = YES;
				CLANG_WARN_NON_LITERAL_NULL_CONVERSION = YES;
				CLANG_WARN_OBJC_IMPLICIT_RETAIN_SELF = YES;
				CLANG_WARN_OBJC_LITERAL_CONVERSION = YES;
				CLANG_WARN_OBJC_ROOT_CLASS = YES_ERROR;
				CLANG_WARN_QUOTED_INCLUDE_IN_FRAMEWORK_HEADER = YES;
				CLANG_WARN_RANGE_LOOP_ANALYSIS = YES;
				CLANG_WARN_STRICT_PROTOTYPES = YES;
				CLANG_WARN_SUSPICIOUS_MOVE = YES;
				CLANG_WARN_UNGUARDED_AVAILABILITY = YES_AGGRESSIVE;
				CLANG_WARN_UNREACHABLE_CODE = YES;
				CLANG_WARN__DUPLICATE_METHOD_MATCH = YES;
				COPY_PHASE_STRIP = NO;
				DEBUG_INFORMATION_FORMAT = dwarf;
				DEVELOPMENT_TEAM = LSZW22747K;
				ENABLE_STRICT_OBJC_MSGSEND = YES;
				ENABLE_TESTABILITY = YES;
				ENABLE_USER_SCRIPT_SANDBOXING = YES;
				GCC_C_LANGUAGE_STANDARD = gnu17;
				GCC_DYNAMIC_NO_PIC = NO;
				GCC_NO_COMMON_BLOCKS = YES;
				GCC_OPTIMIZATION_LEVEL = 0;
				GCC_PREPROCESSOR_DEFINITIONS = (
					"DEBUG=1",
					"$(inherited)",
				);
				GCC_WARN_64_TO_32_BIT_CONVERSION = YES;
				GCC_WARN_ABOUT_RETURN_TYPE = YES_ERROR;
				GCC_WARN_UNDECLARED_SELECTOR = YES;
				GCC_WARN_UNINITIALIZED_AUTOS = YES_AGGRESSIVE;
				GCC_WARN_UNUSED_FUNCTION = YES;
				GCC_WARN_UNUSED_VARIABLE = YES;
				IPHONEOS_DEPLOYMENT_TARGET = 26.2;
				LOCALIZATION_PREFERS_STRING_CATALOGS = YES;
				MTL_ENABLE_DEBUG_INFO = INCLUDE_SOURCE;
				MTL_FAST_MATH = YES;
				ONLY_ACTIVE_ARCH = YES;
				SDKROOT = iphoneos;
				SWIFT_ACTIVE_COMPILATION_CONDITIONS = "DEBUG $(inherited)";
				SWIFT_OPTIMIZATION_LEVEL = "-Onone";
			};
			name = Debug;
		};
		EF944EB92F578DE300EA1C14 /* Release */ = {
			isa = XCBuildConfiguration;
			buildSettings = {
				ALWAYS_SEARCH_USER_PATHS = NO;
				ASSETCATALOG_COMPILER_GENERATE_SWIFT_ASSET_SYMBOL_EXTENSIONS = YES;
				CLANG_ANALYZER_NONNULL = YES;
				CLANG_ANALYZER_NUMBER_OBJECT_CONVERSION = YES_AGGRESSIVE;
				CLANG_CXX_LANGUAGE_STANDARD = "gnu++20";
				CLANG_ENABLE_MODULES = YES;
				CLANG_ENABLE_OBJC_ARC = YES;
				CLANG_ENABLE_OBJC_WEAK = YES;
				CLANG_WARN_BLOCK_CAPTURE_AUTORELEASING = YES;
				CLANG_WARN_BOOL_CONVERSION = YES;
				CLANG_WARN_COMMA = YES;
				CLANG_WARN_CONSTANT_CONVERSION = YES;
				CLANG_WARN_DEPRECATED_OBJC_IMPLEMENTATIONS = YES;
				CLANG_WARN_DIRECT_OBJC_ISA_USAGE = YES_ERROR;
				CLANG_WARN_DOCUMENTATION_COMMENTS = YES;
				CLANG_WARN_EMPTY_BODY = YES;
				CLANG_WARN_ENUM_CONVERSION = YES;
				CLANG_WARN_INFINITE_RECURSION = YES;
				CLANG_WARN_INT_CONVERSION = YES;
				CLANG_WARN_NON_LITERAL_NULL_CONVERSION = YES;
				CLANG_WARN_OBJC_IMPLICIT_RETAIN_SELF = YES;
				CLANG_WARN_OBJC_LITERAL_CONVERSION = YES;
				CLANG_WARN_OBJC_ROOT_CLASS = YES_ERROR;
				CLANG_WARN_QUOTED_INCLUDE_IN_FRAMEWORK_HEADER = YES;
				CLANG_WARN_RANGE_LOOP_ANALYSIS = YES;
				CLANG_WARN_STRICT_PROTOTYPES = YES;
				CLANG_WARN_SUSPICIOUS_MOVE = YES;
				CLANG_WARN_UNGUARDED_AVAILABILITY = YES_AGGRESSIVE;
				CLANG_WARN_UNREACHABLE_CODE = YES;
				CLANG_WARN__DUPLICATE_METHOD_MATCH = YES;
				COPY_PHASE_STRIP = NO;
				DEBUG_INFORMATION_FORMAT = "dwarf-with-dsym";
				DEVELOPMENT_TEAM = LSZW22747K;
				ENABLE_NS_ASSERTIONS = NO;
				ENABLE_STRICT_OBJC_MSGSEND = YES;
				ENABLE_USER_SCRIPT_SANDBOXING = YES;
				GCC_C_LANGUAGE_STANDARD = gnu17;
				GCC_NO_COMMON_BLOCKS = YES;
				GCC_WARN_64_TO_32_BIT_CONVERSION = YES;
				GCC_WARN_ABOUT_RETURN_TYPE = YES_ERROR;
				GCC_WARN_UNDECLARED_SELECTOR = YES;
				GCC_WARN_UNINITIALIZED_AUTOS = YES_AGGRESSIVE;
				GCC_WARN_UNUSED_FUNCTION = YES;
				GCC_WARN_UNUSED_VARIABLE = YES;
				IPHONEOS_DEPLOYMENT_TARGET = 26.2;
				LOCALIZATION_PREFERS_STRING_CATALOGS = YES;
				MTL_ENABLE_DEBUG_INFO = NO;
				MTL_FAST_MATH = YES;
				SDKROOT = iphoneos;
				SWIFT_COMPILATION_MODE = wholemodule;
				VALIDATE_PRODUCT = YES;
			};
			name = Release;
		};
/* End XCBuildConfiguration section */

/* Begin XCConfigurationList section */
		EF944E9D2F578DDF00EA1C14 /* Build configuration list for PBXProject "Sofascore2026" */ = {
			isa = XCConfigurationList;
			buildConfigurations = (
				EF944EB82F578DE300EA1C14 /* Debug */,
				EF944EB92F578DE300EA1C14 /* Release */,
			);
			defaultConfigurationIsVisible = 0;
			defaultConfigurationName = Release;
		};
		EF944EB52F578DE300EA1C14 /* Build configuration list for PBXNativeTarget "Sofascore2026" */ = {
			isa = XCConfigurationList;
			buildConfigurations = (
				EF944EB62F578DE300EA1C14 /* Debug */,
				EF944EB72F578DE300EA1C14 /* Release */,
			);
			defaultConfigurationIsVisible = 0;
			defaultConfigurationName = Release;
		};
/* End XCConfigurationList section */

/* Begin XCRemoteSwiftPackageReference section */
		EF944EBF2F5B0A8000EA1C14 /* XCRemoteSwiftPackageReference "SnapKit" */ = {
			isa = XCRemoteSwiftPackageReference;
			repositoryURL = "https://github.com/SnapKit/SnapKit";
			requirement = {
				kind = upToNextMajorVersion;
				minimumVersion = 5.7.1;
			};
		};
		EF944EC22F6043EC00EA1C14 /* XCRemoteSwiftPackageReference "academy" */ = {
			isa = XCRemoteSwiftPackageReference;
			repositoryURL = "https://github.com/sofascore/academy";
			requirement = {
				branch = hw3;
				kind = branch;
			};
		};
/* End XCRemoteSwiftPackageReference section */

/* Begin XCSwiftPackageProductDependency section */
		EF944EC02F5B0A8000EA1C14 /* SnapKit */ = {
			isa = XCSwiftPackageProductDependency;
			package = EF944EBF2F5B0A8000EA1C14 /* XCRemoteSwiftPackageReference "SnapKit" */;
			productName = SnapKit;
		};
		EF944EC32F6043EC00EA1C14 /* SofaAcademic */ = {
			isa = XCSwiftPackageProductDependency;
			package = EF944EC22F6043EC00EA1C14 /* XCRemoteSwiftPackageReference "academy" */;
			productName = SofaAcademic;
		};
/* End XCSwiftPackageProductDependency section */
	};
	rootObject = EF944E9A2F578DDF00EA1C14 /* Project object */;
}
